[[package]]
name = "parver"
sections = ["default"]
version = "0.2.1"
marker = "python_version >= \"2.7\" and python_version not in \"3.0, 3.1, 3.2, 3.3\""
summary = "Parse and manipulate version numbers."

[package.dependencies]
arpeggio = "~=1.7"
attrs = ">=17.4.0"
six = "~=1.9"

[[package]]
name = "appdirs"
sections = ["default"]
version = "1.4.3"
summary = "A small Python module for determining appropriate platform-specific dirs, e.g. a \"user data dir\"."

[[package]]
name = "pip-shims"
sections = ["default"]
version = "0.4.0"
marker = "python_version >= \"2.7\" and python_full_version not in \"3.0.0, 3.1.0, 3.2.0, 3.3.0, 3.4.0\""
summary = "Compatibility shims for pip versions 8 thru current."

[package.dependencies]
pip = "*"
packaging = "*"
setuptools = "*"
six = "*"
vistir = "*"
wheel = "*"

[[package]]
name = "distlib"
sections = ["default"]
version = "0.3.0"
summary = "Distribution utilities"

[[package]]
name = "tomlkit"
sections = ["default"]
version = "0.5.8"
marker = "python_version >= \"2.7\" and python_version not in \"3.0, 3.1, 3.2, 3.3\""
summary = "Style preserving TOML library"

[[package]]
name = "pythonfinder"
sections = ["default"]
version = "1.2.1"
marker = "python_version >= \"2.7\" and python_version not in \"3.0, 3.1, 3.2, 3.3\""
summary = "A cross-platform python discovery tool to help locate python on any system."

[package.dependencies]
attrs = "*"
cached-property = "*"
click = "*"
crayons = "*"
six = "*"
packaging = "*"
vistir = {extras = ["spinner"], version = ">=0.4"}

[[package]]
name = "pytest-cov"
sections = ["dev"]
version = "2.8.1"
marker = "python_version >= \"2.7\" and python_version not in \"3.0, 3.1, 3.2, 3.3\""
summary = "Pytest plugin for measuring coverage."

[package.dependencies]
pytest = ">=3.6"
coverage = ">=4.4"

[[package]]
name = "click"
sections = ["default"]
version = "7.0"
marker = "python_version >= \"2.7\" and python_version not in \"3.0, 3.1, 3.2, 3.3\""
summary = "Composable command line interface toolkit"

[[package]]
name = "pytest-mock"
sections = ["dev"]
version = "2.0.0"
marker = "python_version >= \"2.7\" and python_version not in \"3.0, 3.1, 3.2, 3.3\""
summary = "Thin-wrapper around the mock package for easier use with py.test"

[package.dependencies]
pytest = ">=2.7"

[[package]]
name = "pytest"
sections = ["dev"]
version = "5.3.3"
marker = "python_version >= \"3.5\""
summary = "pytest: simple powerful testing with Python"

[package.dependencies]
py = ">=1.5.0"
packaging = "*"
attrs = ">=17.4.0"
more-itertools = ">=4.0.0"
pluggy = "<1.0,>=0.12"
wcwidth = "*"
importlib-metadata = {marker = "python_version < \"3.8\"", version = ">=0.12"}
atomicwrites = {marker = "sys_platform == \"win32\"", version = ">=1.0"}
colorama = {marker = "sys_platform == \"win32\"", version = "*"}

[[package]]
name = "arpeggio"
sections = ["default"]
version = "1.9.2"
marker = "python_version >= \"2.7\" and python_version not in \"3.0, 3.1, 3.2, 3.3\""
summary = "Packrat parser interpreter"

[[package]]
name = "attrs"
sections = ["default", "dev"]
version = "19.3.0"
marker = "python_version >= \"2.7\""
summary = "Classes Without Boilerplate"

[[package]]
name = "six"
sections = ["default", "dev"]
version = "1.14.0"
marker = "python_version >= \"2.7\" and python_version not in \"3.0, 3.1, 3.2\""
summary = "Python 2 and 3 compatibility utilities"

[[package]]
name = "pluggy"
sections = ["dev"]
version = "0.13.1"
marker = "python_version >= \"3.5\""
summary = "plugin and hook calling mechanisms for python"

[package.dependencies]
importlib-metadata = {marker = "python_version < \"3.8\"", version = ">=0.12"}

[[package]]
name = "vistir"
sections = ["default"]
version = "0.5.0"
extras = ["spinner"]
marker = "python_version >= \"2.7\" and python_version not in \"3.0, 3.1, 3.2, 3.3\""
summary = "Miscellaneous utilities for dealing with filesystems, paths, projects, subprocesses, and more."

[package.dependencies]
colorama = "!=0.4.2,>=0.3.4"
six = "*"
yaspin = "*"
vistir = ">=0.4"

[[package]]
name = "crayons"
sections = ["default"]
version = "0.3.0"
marker = "python_version >= \"2.7\" and python_version not in \"3.0, 3.1, 3.2, 3.3\""
summary = "TextUI colors for Python."

[package.dependencies]
colorama = "*"

[[package]]
name = "atomicwrites"
sections = ["dev"]
version = "1.3.0"
marker = "sys_platform == \"win32\" and python_version >= \"3.5\""
summary = "Atomic file writes."

[[package]]
name = "wcwidth"
sections = ["dev"]
version = "0.1.8"
marker = "python_version >= \"3.5\""
summary = "Measures number of Terminal column cells of wide-character codes"

[[package]]
name = "py"
sections = ["dev"]
version = "1.8.1"
marker = "python_version >= \"3.5\""
summary = "library with cross-python path, ini-parsing, io, code, log facilities"

[[package]]
name = "cached-property"
sections = ["default"]
version = "1.5.1"
marker = "python_version >= \"2.7\" and python_version not in \"3.0, 3.1, 3.2, 3.3\""
summary = "A decorator for caching properties in classes."

[[package]]
name = "more-itertools"
sections = ["dev"]
version = "8.1.0"
marker = "python_version >= \"3.5\""
summary = "More routines for operating on iterables, beyond itertools"

[[package]]
name = "importlib-metadata"
sections = ["dev"]
version = "1.4.0"
marker = "python_version >= \"3.5\" and python_version < \"3.8\""
summary = "Read metadata from Python packages"

[package.dependencies]
zipp = ">=0.5"

[[package]]
name = "vistir"
sections = ["default"]
version = "0.5.0"
marker = "python_version >= \"2.7\""
summary = "Miscellaneous utilities for dealing with filesystems, paths, projects, subprocesses, and more."

[package.dependencies]
colorama = "!=0.4.2,>=0.3.4"
six = "*"

[[package]]
name = "packaging"
sections = ["default", "dev"]
version = "20.0"
marker = "python_version >= \"2.7\""
summary = "Core utilities for Python packages"

[package.dependencies]
pyparsing = ">=2.0.2"
six = "*"

[[package]]
name = "colorama"
sections = ["default", "dev"]
version = "0.4.3"
marker = "sys_platform == \"win32\" and python_version >= \"2.7\""
summary = "Cross-platform colored terminal text."

[[package]]
name = "wheel"
sections = ["default"]
version = "0.33.6"
marker = "python_version >= \"2.7\" and python_version not in \"3.0, 3.1, 3.2, 3.3\" and python_full_version not in \"3.4.0\""
summary = "A built-package format for Python."

[[package]]
name = "coverage"
sections = ["dev"]
version = "4.4.2"
marker = "python_version < \"4.0\" and python_version >= \"2.7\" and python_version not in \"3.0, 3.1, 3.2, 3.3, 3.4\""
summary = "Code coverage measurement for Python"

[[package]]
name = "pip"
sections = ["default"]
version = "19.3.1"
marker = "python_version >= \"2.7\" and python_version not in \"3.0, 3.1, 3.2, 3.3, 3.4\""
summary = "The PyPA recommended tool for installing Python packages."

[[package]]
name = "setuptools"
sections = ["default"]
version = "45.0.0"
marker = "python_version >= \"3.5\""
summary = "Easily download, build, install, upgrade, and uninstall Python packages"

[[package]]
name = "zipp"
sections = ["dev"]
version = "1.0.0"
marker = "python_version >= \"3.5\" and python_version < \"3.8\""
summary = "Backport of pathlib-compatible object wrapper for zip files"

[package.dependencies]
more-itertools = "*"

[[package]]
name = "yaspin"
sections = ["default"]
version = "0.16.0"
marker = "python_version >= \"2.7\" and python_version not in \"3.0, 3.1, 3.2, 3.3\""
summary = "Yet Another Terminal Spinner"

[[package]]
name = "pyparsing"
sections = ["default", "dev"]
version = "2.4.6"
marker = "python_version >= \"2.7\" and python_version not in \"3.0, 3.1, 3.2\""
summary = "Python parsing module"

[metadata]
"parver 0.2.1" = [
    {file = "parver-0.2.1-py3-none-any.whl", hash = "sha256:72d056b8f8883ac90eef5554a9c8a47fac39d3b66479f3d2c8d5bc21b849cdba"},
    {file = "parver-0.2.1.tar.gz", hash = "sha256:1b37a691af145a3a193eff269d53ba5b2ab16dfbb65d47d85360755919f5fe4b"},
]
"arpeggio 1.9.2" = [
    {file = "Arpeggio-1.9.2.tar.gz", hash = "sha256:948ce06163a48a72c97f4fe79ad3d1c1330b6fec4f22ece182fb60ef60bd022b"},
    {file = "Arpeggio-1.9.2-py2.py3-none-any.whl", hash = "sha256:b9178917594bb9758002faed31e1e1c968b5ea7f2a8f78fd4a5b8fecaccfcfcd"},
]
"attrs 19.3.0" = [
    {file = "attrs-19.3.0-py2.py3-none-any.whl", hash = "sha256:08a96c641c3a74e44eb59afb61a24f2cb9f4d7188748e76ba4bb5edfa3cb7d1c"},
    {file = "attrs-19.3.0.tar.gz", hash = "sha256:f7b7ce16570fe9965acd6d30101a28f62fb4a7f9e926b3bbc9b61f8b04247e72"},
]
"six 1.14.0" = [
    {file = "six-1.14.0-py2.py3-none-any.whl", hash = "sha256:8f3cd2e254d8f793e7f3d6d9df77b92252b52637291d0f0da013c76ea2724b6c"},
    {file = "six-1.14.0.tar.gz", hash = "sha256:236bdbdce46e6e6a3d61a337c0f8b763ca1e8717c03b369e87a7ec7ce1319c0a"},
]
"vistir[spinner] 0.5.0" = [
    {file = "vistir-0.5.0-py2.py3-none-any.whl", hash = "sha256:e47afdec8baf35032a8d17116765f751ecd2f2146d47e5af457c5de1fe5a334e"},
    {file = "vistir-0.5.0.tar.gz", hash = "sha256:33f8e905d40a77276b3d5310c8b57c1479a4e46930042b4894fcf7ed60ad76c4"},
]

[root]
content_hash = "md5:55fea6c876fefb373ad3d68e7e2fd3a3"
meta_version = "0.0.1"

