[[package]]
name = "certifi"
version = "2021.10.8"
summary = "Python package for providing Mozilla's CA Bundle."

[[package]]
name = "charset-normalizer"
version = "2.0.7"
requires_python = ">=3.5.0"
summary = "The Real First Universal Charset Detector. Open, modern and actively maintained alternative to Chardet."

[[package]]
name = "idna"
version = "3.3"
requires_python = ">=3.5"
summary = "Internationalized Domain Names in Applications (IDNA)"

[[package]]
name = "requests"
version = "2.26.0"
requires_python = ">=2.7, !=3.0.*, !=3.1.*, !=3.2.*, !=3.3.*, !=3.4.*, !=3.5.*"
summary = "Python HTTP for Humans."
dependencies = [
    "certifi>=2017.4.17",
    "charset-normalizer~=2.0.0; python_version >= \"3\"",
    "idna<4,>=2.5; python_version >= \"3\"",
    "urllib3<1.27,>=1.21.1",
]

[[package]]
name = "requests"
version = "2.26.0"
extras = ["security"]
requires_python = ">=2.7, !=3.0.*, !=3.1.*, !=3.2.*, !=3.3.*, !=3.4.*, !=3.5.*"
summary = "Python HTTP for Humans."
dependencies = [
    "certifi>=2017.4.17",
    "charset-normalizer~=2.0.0; python_version >= \"3\"",
    "idna<4,>=2.5; python_version >= \"3\"",
    "requests",
    "urllib3<1.27,>=1.21.1",
]

[[package]]
name = "urllib3"
version = "1.26.7"
requires_python = ">=2.7, !=3.0.*, !=3.1.*, !=3.2.*, !=3.3.*, !=3.4.*, <4"
summary = "HTTP library with thread-safe connection pooling, file post, and more."

[metadata]
lock_version = "4.0"
content_hash = "sha256:2df559c0cb6d9060099b65b19cb987706624500afa8376f2952e4603618d1c28"

[metadata.files]
"certifi 2021.10.8" = [
    {url = "https://files.pythonhosted.org/packages/37/45/946c02767aabb873146011e665728b680884cd8fe70dde973c640e45b775/certifi-2021.10.8-py2.py3-none-any.whl", hash = "sha256:d62a0163eb4c2344ac042ab2bdf75399a71a2d8c7d47eac2e2ee91b9d6339569"},
    {url = "https://files.pythonhosted.org/packages/6c/ae/d26450834f0acc9e3d1f74508da6df1551ceab6c2ce0766a593362d6d57f/certifi-2021.10.8.tar.gz", hash = "sha256:78884e7c1d4b00ce3cea67b44566851c4343c120abd683433ce934a68ea58872"},
]
"charset-normalizer 2.0.7" = [
    {url = "https://files.pythonhosted.org/packages/9f/c5/334c019f92c26e59637bb42bd14a190428874b2b2de75a355da394cf16c1/charset-normalizer-2.0.7.tar.gz", hash = "sha256:e019de665e2bcf9c2b64e2e5aa025fa991da8720daa3c1138cadd2fd1856aed0"},
    {url = "https://files.pythonhosted.org/packages/de/c8/820b1546c68efcbbe3c1b10dd925fbd84a0dda7438bc18db0ef1fa567733/charset_normalizer-2.0.7-py3-none-any.whl", hash = "sha256:f7af805c321bfa1ce6714c51f254e0d5bb5e5834039bc17db7ebe3a4cec9492b"},
]
"idna 3.3" = [
    {url = "https://files.pythonhosted.org/packages/04/a2/d918dcd22354d8958fe113e1a3630137e0fc8b44859ade3063982eacd2a4/idna-3.3-py3-none-any.whl", hash = "sha256:84d9dd047ffa80596e0f246e2eab0b391788b0503584e8945f2368256d2735ff"},
    {url = "https://files.pythonhosted.org/packages/62/08/e3fc7c8161090f742f504f40b1bccbfc544d4a4e09eb774bf40aafce5436/idna-3.3.tar.gz", hash = "sha256:9d643ff0a55b762d5cdb124b8eaa99c66322e2157b69160bc32796e824360e6d"},
]
"requests 2.26.0" = [
    {url = "https://files.pythonhosted.org/packages/92/96/144f70b972a9c0eabbd4391ef93ccd49d0f2747f4f6a2a2738e99e5adc65/requests-2.26.0-py2.py3-none-any.whl", hash = "sha256:6c1246513ecd5ecd4528a0906f910e8f0f9c6b8ec72030dc9fd154dc1a6efd24"},
    {url = "https://files.pythonhosted.org/packages/e7/01/3569e0b535fb2e4a6c384bdbed00c55b9d78b5084e0fb7f4d0bf523d7670/requests-2.26.0.tar.gz", hash = "sha256:b8aa58f8cf793ffd8782d3d8cb19e66ef36f7aba4353eec859e74678b01b07a7"},
]
"urllib3 1.26.7" = [
    {url = "https://files.pythonhosted.org/packages/af/f4/524415c0744552cce7d8bf3669af78e8a069514405ea4fcbd0cc44733744/urllib3-1.26.7-py2.py3-none-any.whl", hash = "sha256:c4fdf4019605b6e5423637e01bc9fe4daef873709a7973e195ceba0a62bbc844"},
    {url = "https://files.pythonhosted.org/packages/80/be/3ee43b6c5757cabea19e75b8f46eaf05a2f5144107d7db48c7cf3a864f73/urllib3-1.26.7.tar.gz", hash = "sha256:4987c65554f7a2dbf30c18fd48778ef124af6fab771a377103da0585e2336ece"},
]
