[[package]]
name = "click"
version = "7.1.2"
requires_python = ">=2.7,!=3.0.*,!=3.1.*,!=3.2.*,!=3.3.*,!=3.4.*"
summary = "Composable command line interface toolkit"

[[package]]
name = "flask"
version = "1.1.4"
requires_python = ">=2.7,!=3.0.*,!=3.1.*,!=3.2.*,!=3.3.*,!=3.4.*"
summary = "A simple framework for building complex web applications."
dependencies = [
    "Jinja2<3.0,>=2.10.1",
    "Werkzeug<2.0,>=0.15",
    "click<8.0,>=5.1",
    "itsdangerous<2.0,>=0.24",
]

[[package]]
name = "itsdangerous"
version = "1.1.0"
requires_python = ">=2.7,!=3.0.*,!=3.1.*,!=3.2.*,!=3.3.*"
summary = "Various helpers to pass data to untrusted environments and back."

[[package]]
name = "jinja2"
version = "2.11.3"
requires_python = ">=2.7,!=3.0.*,!=3.1.*,!=3.2.*,!=3.3.*,!=3.4.*"
summary = "A very fast and expressive template engine."
dependencies = [
    "MarkupSafe>=0.23",
]

[[package]]
name = "markupsafe"
version = "1.1.1"
requires_python = ">=2.7,!=3.0.*,!=3.1.*,!=3.2.*,!=3.3.*"
summary = "Safely add untrusted strings to HTML/XML markup."

[[package]]
name = "werkzeug"
version = "1.0.1"
requires_python = ">=2.7,!=3.0.*,!=3.1.*,!=3.2.*,!=3.3.*,!=3.4.*"
summary = "The comprehensive WSGI web application library."

[metadata]
lock_version = "4.0"
content_hash = "sha256:411d3e1e60ba275a64023cc795dfac028aae8e25d6bdaeae415e0db7bd7b1d68"

[metadata.files]
"click 7.1.2" = [
    {url = "https://files.pythonhosted.org/packages/d2/3d/fa76db83bf75c4f8d338c2fd15c8d33fdd7ad23a9b5e57eb6c5de26b430e/click-7.1.2-py2.py3-none-any.whl", hash = "sha256:dacca89f4bfadd5de3d7489b7c8a566eee0d3676333fbb50030263894c38c0dc"},
    {url = "https://test-files.pythonhosted.org/packages/d2/3d/fa76db83bf75c4f8d338c2fd15c8d33fdd7ad23a9b5e57eb6c5de26b430e/click-7.1.2-py2.py3-none-any.whl", hash = "sha256:dacca89f4bfadd5de3d7489b7c8a566eee0d3676333fbb50030263894c38c0dc"},
    {url = "https://files.pythonhosted.org/packages/27/6f/be940c8b1f1d69daceeb0032fee6c34d7bd70e3e649ccac0951500b4720e/click-7.1.2.tar.gz", hash = "sha256:d2b5255c7c6349bc1bd1e59e08cd12acbbd63ce649f2588755783aa94dfb6b1a"},
    {url = "https://test-files.pythonhosted.org/packages/27/6f/be940c8b1f1d69daceeb0032fee6c34d7bd70e3e649ccac0951500b4720e/click-7.1.2.tar.gz", hash = "sha256:d2b5255c7c6349bc1bd1e59e08cd12acbbd63ce649f2588755783aa94dfb6b1a"},
]
"flask 1.1.4" = [
    {url = "https://files.pythonhosted.org/packages/e8/6d/994208daa354f68fd89a34a8bafbeaab26fda84e7af1e35bdaed02b667e6/Flask-1.1.4-py2.py3-none-any.whl", hash = "sha256:c34f04500f2cbbea882b1acb02002ad6fe6b7ffa64a6164577995657f50aed22"},
    {url = "https://test-files.pythonhosted.org/packages/e8/6d/994208daa354f68fd89a34a8bafbeaab26fda84e7af1e35bdaed02b667e6/Flask-1.1.4-py2.py3-none-any.whl", hash = "sha256:c34f04500f2cbbea882b1acb02002ad6fe6b7ffa64a6164577995657f50aed22"},
    {url = "https://files.pythonhosted.org/packages/4d/5b/2d145f5fe718b2f15ebe69240538f06faa8bbb76488bf962091db1f7a26d/Flask-1.1.4.tar.gz", hash = "sha256:0fbeb6180d383a9186d0d6ed954e0042ad9f18e0e8de088b2b419d526927d196"},
    {url = "https://test-files.pythonhosted.org/packages/4d/5b/2d145f5fe718b2f15ebe69240538f06faa8bbb76488bf962091db1f7a26d/Flask-1.1.4.tar.gz", hash = "sha256:0fbeb6180d383a9186d0d6ed954e0042ad9f18e0e8de088b2b419d526927d196"},
]
"itsdangerous 1.1.0" = [
    {url = "https://files.pythonhosted.org/packages/76/ae/44b03b253d6fade317f32c24d100b3b35c2239807046a4c953c7b89fa49e/itsdangerous-1.1.0-py2.py3-none-any.whl", hash = "sha256:b12271b2047cb23eeb98c8b5622e2e5c5e9abd9784a153e9d8ef9cb4dd09d749"},
    {url = "https://test-files.pythonhosted.org/packages/00/24/f2c22c8bda8c964ec16941f02fe2efde148b89f252e4a095ebe10e18a8df/itsdangerous-1.1.0-py2.py3-none-any.whl", hash = "sha256:72a1252c0b2cc2bcc351acf2cfe2ec0159d8578c54767d5c2aa67fd869346e55"},
    {url = "https://files.pythonhosted.org/packages/68/1a/f27de07a8a304ad5fa817bbe383d1238ac4396da447fa11ed937039fa04b/itsdangerous-1.1.0.tar.gz", hash = "sha256:321b033d07f2a4136d3ec762eac9f16a10ccd60f53c0c91af90217ace7ba1f19"},
    {url = "https://test-files.pythonhosted.org/packages/fd/3d/92b7c75be6f09390a531e81752a1bf7154fd4f02b3f61619cdd9283c3714/itsdangerous-1.1.0.tar.gz", hash = "sha256:ac4c9f590d59c36b7d2953f97fda415f2461280e5279650aafe1e593f129c4f7"},
]
"jinja2 2.11.3" = [
    {url = "https://files.pythonhosted.org/packages/7e/c2/1eece8c95ddbc9b1aeb64f5783a9e07a286de42191b7204d67b7496ddf35/Jinja2-2.11.3-py2.py3-none-any.whl", hash = "sha256:03e47ad063331dd6a3f04a43eddca8a966a26ba0c5b7207a9a9e4e08f1b29419"},
    {url = "https://test-files.pythonhosted.org/packages/7e/c2/1eece8c95ddbc9b1aeb64f5783a9e07a286de42191b7204d67b7496ddf35/Jinja2-2.11.3-py2.py3-none-any.whl", hash = "sha256:03e47ad063331dd6a3f04a43eddca8a966a26ba0c5b7207a9a9e4e08f1b29419"},
    {url = "https://files.pythonhosted.org/packages/4f/e7/65300e6b32e69768ded990494809106f87da1d436418d5f1367ed3966fd7/Jinja2-2.11.3.tar.gz", hash = "sha256:a6d58433de0ae800347cab1fa3043cebbabe8baa9d29e668f1c768cb87a333c6"},
    {url = "https://test-files.pythonhosted.org/packages/4f/e7/65300e6b32e69768ded990494809106f87da1d436418d5f1367ed3966fd7/Jinja2-2.11.3.tar.gz", hash = "sha256:a6d58433de0ae800347cab1fa3043cebbabe8baa9d29e668f1c768cb87a333c6"},
]
"markupsafe 1.1.1" = [
    {url = "https://files.pythonhosted.org/packages/6d/d2/0ccd2c0e2cd93b35e765d9b3205cd6602e6b202b522fc7997531353715b3/MarkupSafe-1.1.1-cp27-cp27m-macosx_10_6_intel.whl", hash = "sha256:09027a7803a62ca78792ad89403b1b7a73a01c8cb65909cd876f7fcebd79b161"},
    {url = "https://files.pythonhosted.org/packages/97/d8/ea17d2f83e307daa841df7674a42f5ed8d102e0f061fb658065f369779f5/MarkupSafe-1.1.1-cp27-cp27m-manylinux1_i686.whl", hash = "sha256:e249096428b3ae81b08327a63a485ad0878de3fb939049038579ac0ef61e17e7"},
    {url = "https://files.pythonhosted.org/packages/d8/1f/e97c4c6b182e59562f99c207f0f621d15a42fc82a6532a98e0b2d38b7c4e/MarkupSafe-1.1.1-cp27-cp27m-manylinux1_x86_64.whl", hash = "sha256:500d4957e52ddc3351cabf489e79c91c17f6e0899158447047588650b5e69183"},
    {url = "https://files.pythonhosted.org/packages/20/40/49d725372f8f49df9891e7ea5f5d36489da85a277621177ad4af68992769/MarkupSafe-1.1.1-cp27-cp27m-win32.whl", hash = "sha256:b2051432115498d3562c084a49bba65d97cf251f5a331c64a12ee7e04dacc51b"},
    {url = "https://files.pythonhosted.org/packages/f7/58/85258115ce58190f20c28fbb3b91c3b1a0a42e6375b100e489427c30488a/MarkupSafe-1.1.1-cp27-cp27m-win_amd64.whl", hash = "sha256:98c7086708b163d425c67c7a91bad6e466bb99d797aa64f965e9d25c12111a5e"},
    {url = "https://files.pythonhosted.org/packages/04/64/2fc144ee16cb2eed20b3e366045697af04a4e7367ef1e5e65db6f61f1804/MarkupSafe-1.1.1-cp27-cp27mu-manylinux1_i686.whl", hash = "sha256:cd5df75523866410809ca100dc9681e301e3c27567cf498077e8551b6d20e42f"},
    {url = "https://files.pythonhosted.org/packages/fb/40/f3adb7cf24a8012813c5edb20329eb22d5d8e2a0ecf73d21d6b85865da11/MarkupSafe-1.1.1-cp27-cp27mu-manylinux1_x86_64.whl", hash = "sha256:43a55c2930bbc139570ac2452adf3d70cdbb3cfe5912c71cdce1c2c6bbd9c5d1"},
    {url = "https://files.pythonhosted.org/packages/6b/0c/931351f919f60e79ac18c940d31fc13b4c6179e61c82240050ad14346524/MarkupSafe-1.1.1-cp34-cp34m-macosx_10_6_intel.whl", hash = "sha256:1027c282dad077d0bae18be6794e6b6b8c91d58ed8a8d89a89d59693b9131db5"},
    {url = "https://files.pythonhosted.org/packages/1c/7d/16a3dd24ec9f901e91a0c1274d871c7dc07a229f35d478fdbf48f16b93b3/MarkupSafe-1.1.1-cp34-cp34m-manylinux1_i686.whl", hash = "sha256:62fe6c95e3ec8a7fad637b7f3d372c15ec1caa01ab47926cfdf7a75b40e0eac1"},
    {url = "https://files.pythonhosted.org/packages/99/c9/5d5dcf2aa90f1d4500e92467a04f63b3708ee6e5764b40b2445e767ab8dc/MarkupSafe-1.1.1-cp34-cp34m-manylinux1_x86_64.whl", hash = "sha256:88e5fcfb52ee7b911e8bb6d6aa2fd21fbecc674eadd44118a9cc3863f938e735"},
    {url = "https://files.pythonhosted.org/packages/06/54/f14cf25317b0b3e596457c9a5bea18b6fc27c841c6eb9d23c679b10d63a2/MarkupSafe-1.1.1-cp34-cp34m-win32.whl", hash = "sha256:ade5e387d2ad0d7ebf59146cc00c8044acbd863725f887353a10df825fc8ae21"},
    {url = "https://files.pythonhosted.org/packages/09/31/fe863b864cf3dfa11bce7a3bd41c4433d59b777ee0750b8d8c9a96f5ca98/MarkupSafe-1.1.1-cp34-cp34m-win_amd64.whl", hash = "sha256:09c4b7f37d6c648cb13f9230d847adf22f8171b1ccc4d5682398e77f40309235"},
    {url = "https://files.pythonhosted.org/packages/64/ce/e159d4201a45d56ad14d77b020be7678583898cecbb2a25817f363f71486/MarkupSafe-1.1.1-cp35-cp35m-macosx_10_6_intel.whl", hash = "sha256:79855e1c5b8da654cf486b830bd42c06e8780cea587384cf6545b7d9ac013a0b"},
    {url = "https://files.pythonhosted.org/packages/b1/60/fa4afa6fb4547b46b24bc679dd312242e0e579b4ee5651a2e5f50f814319/MarkupSafe-1.1.1-cp35-cp35m-manylinux1_i686.whl", hash = "sha256:c8716a48d94b06bb3b2524c2b77e055fb313aeb4ea620c8dd03a105574ba704f"},
    {url = "https://files.pythonhosted.org/packages/6e/57/d40124076756c19ff2269678de7ae25a14ebbb3f6314eb5ce9477f191350/MarkupSafe-1.1.1-cp35-cp35m-manylinux1_x86_64.whl", hash = "sha256:7c1699dfe0cf8ff607dbdcc1e9b9af1755371f92a68f706051cc8c37d447c905"},
    {url = "https://files.pythonhosted.org/packages/d8/9d/7a8cad803ef73f47134ae5c3804e20b54149ce62a7d1337204f3cf2d1fa1/MarkupSafe-1.1.1-cp35-cp35m-win32.whl", hash = "sha256:6dd73240d2af64df90aa7c4e7481e23825ea70af4b4922f8ede5b9e35f78a3b1"},
    {url = "https://files.pythonhosted.org/packages/12/10/8dbe995ab7e5d0471fd7aa90fdb756595ae9ef0ccf3707867b1b56254df8/MarkupSafe-1.1.1-cp35-cp35m-win_amd64.whl", hash = "sha256:9add70b36c5666a2ed02b43b335fe19002ee5235efd4b8a89bfcf9005bebac0d"},
    {url = "https://files.pythonhosted.org/packages/f0/00/a6aea33f5598b080b86d6b6d1214b51afe3ffa6100b902d5aa465080083f/MarkupSafe-1.1.1-cp36-cp36m-macosx_10_6_intel.whl", hash = "sha256:24982cc2533820871eba85ba648cd53d8623687ff11cbb805be4ff7b4c971aff"},
    {url = "https://files.pythonhosted.org/packages/45/17/5b6a3a0afa0cb9827781ee43d8842a3540ac9d49855cad936099c7b9416b/MarkupSafe-1.1.1-cp36-cp36m-macosx_10_9_x86_64.whl", hash = "sha256:d53bc011414228441014aa71dbec320c66468c1030aae3a6e29778a3382d96e5"},
    {url = "https://test-files.pythonhosted.org/packages/45/17/5b6a3a0afa0cb9827781ee43d8842a3540ac9d49855cad936099c7b9416b/MarkupSafe-1.1.1-cp36-cp36m-macosx_10_9_x86_64.whl", hash = "sha256:d53bc011414228441014aa71dbec320c66468c1030aae3a6e29778a3382d96e5"},
    {url = "https://files.pythonhosted.org/packages/35/25/8560907c79805c1ed2d1b8297c43ad82f5f23a5376d846bc1a2ace2aee53/MarkupSafe-1.1.1-cp36-cp36m-manylinux1_i686.whl", hash = "sha256:00bc623926325b26bb9605ae9eae8a215691f33cae5df11ca5424f06f2d1f473"},
    {url = "https://test-files.pythonhosted.org/packages/24/91/662b7eac4ef75d5d2a766eb0332e12119b460cedac4174330c0e49121ff8/MarkupSafe-1.1.1-cp36-cp36m-manylinux1_i686.whl", hash = "sha256:780c6d675155c54556d877df22e4739295a085618ad8bc2d1d25ba07879c9522"},
    {url = "https://files.pythonhosted.org/packages/b2/5f/23e0023be6bb885d00ffbefad2942bc51a620328ee910f64abe5a8d18dd1/MarkupSafe-1.1.1-cp36-cp36m-manylinux1_x86_64.whl", hash = "sha256:717ba8fe3ae9cc0006d7c451f0bb265ee07739daf76355d06366154ee68d221e"},
    {url = "https://test-files.pythonhosted.org/packages/f3/48/dc0980a6fe6141a2b93881f5b01d26604d926d2bda92154a2fe2429529f3/MarkupSafe-1.1.1-cp36-cp36m-manylinux1_x86_64.whl", hash = "sha256:b1423ef6a7f62c1d92bd1ce15e224f8d709fbae969fd7720623eb2ae9b8c3a34"},
    {url = "https://files.pythonhosted.org/packages/2d/0d/119e18ded4869fb781f51ca6a1130f488dfd11d1bd59009101ba1adf01fa/MarkupSafe-1.1.1-cp36-cp36m-manylinux2010_i686.whl", hash = "sha256:3b8a6499709d29c2e2399569d96719a1b21dcd94410a586a18526b143ec8470f"},
    {url = "https://test-files.pythonhosted.org/packages/2d/0d/119e18ded4869fb781f51ca6a1130f488dfd11d1bd59009101ba1adf01fa/MarkupSafe-1.1.1-cp36-cp36m-manylinux2010_i686.whl", hash = "sha256:3b8a6499709d29c2e2399569d96719a1b21dcd94410a586a18526b143ec8470f"},
    {url = "https://files.pythonhosted.org/packages/9d/d3/75cddfad6ca1d1bb3a017cece499a65e54ceb4583800f1256b8ad07bb57f/MarkupSafe-1.1.1-cp36-cp36m-manylinux2010_x86_64.whl", hash = "sha256:84dee80c15f1b560d55bcfe6d47b27d070b4681c699c572af2e3c7cc90a3b8e0"},
    {url = "https://test-files.pythonhosted.org/packages/9d/d3/75cddfad6ca1d1bb3a017cece499a65e54ceb4583800f1256b8ad07bb57f/MarkupSafe-1.1.1-cp36-cp36m-manylinux2010_x86_64.whl", hash = "sha256:84dee80c15f1b560d55bcfe6d47b27d070b4681c699c572af2e3c7cc90a3b8e0"},
    {url = "https://files.pythonhosted.org/packages/06/b2/575cb8d628820ad23ea55af0d29899ea459de62cde7a78cfdde91608ce5f/MarkupSafe-1.1.1-cp36-cp36m-manylinux2014_aarch64.whl", hash = "sha256:b1dba4527182c95a0db8b6060cc98ac49b9e2f5e64320e2b56e47cb2831978c7"},
    {url = "https://test-files.pythonhosted.org/packages/06/b2/575cb8d628820ad23ea55af0d29899ea459de62cde7a78cfdde91608ce5f/MarkupSafe-1.1.1-cp36-cp36m-manylinux2014_aarch64.whl", hash = "sha256:b1dba4527182c95a0db8b6060cc98ac49b9e2f5e64320e2b56e47cb2831978c7"},
    {url = "https://files.pythonhosted.org/packages/fe/38/1ee869cf77456412512761cbabe9f0e30912c7a4d8bbb726d2393a4d4723/MarkupSafe-1.1.1-cp36-cp36m-win32.whl", hash = "sha256:535f6fc4d397c1563d08b88e485c3496cf5784e927af890fb3c3aac7f933ec66"},
    {url = "https://test-files.pythonhosted.org/packages/04/35/922239ffc603fedae3ce2af8cdd4e9acb7cc28c70b2d9bb13ca0b7a06d1a/MarkupSafe-1.1.1-cp36-cp36m-win32.whl", hash = "sha256:bd597f350935cb5c9cc3a55f5a15c8ec3632c71274e079380ef2f4789ad824f0"},
    {url = "https://files.pythonhosted.org/packages/b9/82/833c7714951bff8f502ed054e6fbd8bd00e083d1fd96de6a46905cf23378/MarkupSafe-1.1.1-cp36-cp36m-win_amd64.whl", hash = "sha256:b1282f8c00509d99fef04d8ba936b156d419be841854fe901d8ae224c59f0be5"},
    {url = "https://test-files.pythonhosted.org/packages/88/21/1b7434d2dc8c002859f6de902dcfa1a88ca746b3a743204830fe23b9eb8e/MarkupSafe-1.1.1-cp36-cp36m-win_amd64.whl", hash = "sha256:2d3aa974bd1ee74affb31503dfe3ce55bffd208ef5d5dd1582a1300efbc232f4"},
    {url = "https://files.pythonhosted.org/packages/ce/c6/f000f1af136ef74e4a95e33785921c73595c5390403f102e9b231b065b7a/MarkupSafe-1.1.1-cp37-cp37m-macosx_10_6_intel.whl", hash = "sha256:8defac2f2ccd6805ebf65f5eeb132adcf2ab57aa11fdf4c0dd5169a004710e7d"},
    {url = "https://files.pythonhosted.org/packages/70/78/b7f1fac566e6d579a15b020dff0e77bc059093a6c5e6f6a777be4c959384/MarkupSafe-1.1.1-cp37-cp37m-macosx_10_9_x86_64.whl", hash = "sha256:bf5aa3cbcfdf57fa2ee9cd1822c862ef23037f5c832ad09cfea57fa846dec193"},
    {url = "https://test-files.pythonhosted.org/packages/70/78/b7f1fac566e6d579a15b020dff0e77bc059093a6c5e6f6a777be4c959384/MarkupSafe-1.1.1-cp37-cp37m-macosx_10_9_x86_64.whl", hash = "sha256:bf5aa3cbcfdf57fa2ee9cd1822c862ef23037f5c832ad09cfea57fa846dec193"},
    {url = "https://files.pythonhosted.org/packages/d6/e5/348e7d7977202d9a6c7f4cac3c6d8f71b01bb3c91e0bd4b5c23670951fd6/MarkupSafe-1.1.1-cp37-cp37m-manylinux1_i686.whl", hash = "sha256:46c99d2de99945ec5cb54f23c8cd5689f6d7177305ebff350a58ce5f8de1669e"},
    {url = "https://test-files.pythonhosted.org/packages/50/a1/5bf72ef048b65211c78349a2e7f37cd70f0a7617ec0f94b33cf9380a6f88/MarkupSafe-1.1.1-cp37-cp37m-manylinux1_i686.whl", hash = "sha256:dbc6ee2241abe4f518685f603e427a94ceb73c08b6d15d85c6c5c4a71bde9c3e"},
    {url = "https://files.pythonhosted.org/packages/98/7b/ff284bd8c80654e471b769062a9b43cc5d03e7a615048d96f4619df8d420/MarkupSafe-1.1.1-cp37-cp37m-manylinux1_x86_64.whl", hash = "sha256:ba59edeaa2fc6114428f1637ffff42da1e311e29382d81b339c1817d37ec93c6"},
    {url = "https://test-files.pythonhosted.org/packages/f0/0c/c7045f9d25e5944995c198c410b0c99c821a6a4a15ba3aea67d7f9bc341a/MarkupSafe-1.1.1-cp37-cp37m-manylinux1_x86_64.whl", hash = "sha256:60f1467a898ed3402d2f4e679906aed9f55c14d6990a53c3f811f593ee425a88"},
    {url = "https://files.pythonhosted.org/packages/81/e2/2cb8f60843559cd04a161d838b4c824f4569457d0bbd8b6416c0e68c9d25/MarkupSafe-1.1.1-cp37-cp37m-manylinux2010_i686.whl", hash = "sha256:6fffc775d90dcc9aed1b89219549b329a9250d918fd0b8fa8d93d154918422e1"},
    {url = "https://test-files.pythonhosted.org/packages/81/e2/2cb8f60843559cd04a161d838b4c824f4569457d0bbd8b6416c0e68c9d25/MarkupSafe-1.1.1-cp37-cp37m-manylinux2010_i686.whl", hash = "sha256:6fffc775d90dcc9aed1b89219549b329a9250d918fd0b8fa8d93d154918422e1"},
    {url = "https://files.pythonhosted.org/packages/c2/37/2e4def8ce3739a258998215df907f5815ecd1af71e62147f5eea2d12d4e8/MarkupSafe-1.1.1-cp37-cp37m-manylinux2010_x86_64.whl", hash = "sha256:a6a744282b7718a2a62d2ed9d993cad6f5f585605ad352c11de459f4108df0a1"},
    {url = "https://test-files.pythonhosted.org/packages/c2/37/2e4def8ce3739a258998215df907f5815ecd1af71e62147f5eea2d12d4e8/MarkupSafe-1.1.1-cp37-cp37m-manylinux2010_x86_64.whl", hash = "sha256:a6a744282b7718a2a62d2ed9d993cad6f5f585605ad352c11de459f4108df0a1"},
    {url = "https://files.pythonhosted.org/packages/c1/53/96b8c31ee0947bd080b46f6dc9c0a35cceedae8c56a219cc4b9cce0a4f99/MarkupSafe-1.1.1-cp37-cp37m-manylinux2014_aarch64.whl", hash = "sha256:195d7d2c4fbb0ee8139a6cf67194f3973a6b3042d742ebe0a9ed36d8b6f0c07f"},
    {url = "https://test-files.pythonhosted.org/packages/c1/53/96b8c31ee0947bd080b46f6dc9c0a35cceedae8c56a219cc4b9cce0a4f99/MarkupSafe-1.1.1-cp37-cp37m-manylinux2014_aarch64.whl", hash = "sha256:195d7d2c4fbb0ee8139a6cf67194f3973a6b3042d742ebe0a9ed36d8b6f0c07f"},
    {url = "https://files.pythonhosted.org/packages/5b/d4/1deb3c5dc3714fb160c7e2116fc6dff36a063d9156a9328cce54ef35cc52/MarkupSafe-1.1.1-cp37-cp37m-win32.whl", hash = "sha256:b00c1de48212e4cc9603895652c5c410df699856a2853135b3967591e4beebc2"},
    {url = "https://test-files.pythonhosted.org/packages/b4/5e/6507650d988f3b9a48e360825e675ff630efb8a680d8bad84c991e52e478/MarkupSafe-1.1.1-cp37-cp37m-win32.whl", hash = "sha256:bf13467480b37db64550c4f661e4dab34d2ce714d986254e609598f00360dcbb"},
    {url = "https://files.pythonhosted.org/packages/65/c6/2399700d236d1dd681af8aebff1725558cddfd6e43d7a5184a675f4711f5/MarkupSafe-1.1.1-cp37-cp37m-win_amd64.whl", hash = "sha256:9bf40443012702a1d2070043cb6291650a0841ece432556f784f004937f0f32c"},
    {url = "https://test-files.pythonhosted.org/packages/48/ed/f2568ad01e61b6cc0805cb7c787869fa1ca99da6d095fd3ef575e229c5ae/MarkupSafe-1.1.1-cp37-cp37m-win_amd64.whl", hash = "sha256:2a5df1859f9d06d414e60f793466b2549be4ea5fce872d8750215d0b22b4003c"},
    {url = "https://files.pythonhosted.org/packages/0c/12/37f68957526d1ec0883b521934b4e1b8ff3dd8e4fab858a5bf3e487bcee9/MarkupSafe-1.1.1-cp38-cp38-macosx_10_9_x86_64.whl", hash = "sha256:6788b695d50a51edb699cb55e35487e430fa21f1ed838122d722e0ff0ac5ba15"},
    {url = "https://test-files.pythonhosted.org/packages/5b/68/620c9f2e288d7ce5fdb896fed01780a1cea1e9400fa8370430e44c7bae40/MarkupSafe-1.1.1-cp38-cp38-macosx_10_9_x86_64.whl", hash = "sha256:c9cc323768421f2dd2ab416e38c0302803771f73191ffa7134f00a4a5ca57e72"},
    {url = "https://files.pythonhosted.org/packages/51/3c/82b35d63a8e9fe1e7d4078c43a0a8fc631cc4ac9d2beff86c74af0cdb2d9/MarkupSafe-1.1.1-cp38-cp38-manylinux1_i686.whl", hash = "sha256:cdb132fc825c38e1aeec2c8aa9338310d29d337bebbd7baa06889d09a60a1fa2"},
    {url = "https://test-files.pythonhosted.org/packages/56/bc/91bd96c9ea4e69af97e1031ae7b2f55dc9616fff618253aad89fcd86bc2f/MarkupSafe-1.1.1-cp38-cp38-manylinux1_i686.whl", hash = "sha256:753e2b8c825b41dc3aec6c08a6f2eb786a8a3b266258e391375038f511fc4518"},
    {url = "https://files.pythonhosted.org/packages/4b/20/f6d7648c81cb84815d0be935d5c74cd1cc0239e43eadb1a61062d34b6543/MarkupSafe-1.1.1-cp38-cp38-manylinux1_x86_64.whl", hash = "sha256:13d3144e1e340870b25e7b10b98d779608c02016d5184cfb9927a9f10c689f42"},
    {url = "https://test-files.pythonhosted.org/packages/2b/48/4234d03efda88060b03191c3f422e76a5e343137bd83bc4578471c471101/MarkupSafe-1.1.1-cp38-cp38-manylinux1_x86_64.whl", hash = "sha256:1e8a27f1c41cae51e8a5687aa63d2bf92dc96bebd6d5b33cc3ec8fa31071ee9b"},
    {url = "https://files.pythonhosted.org/packages/b7/d5/9d36bdf18173408ce6b16bcc625e4019abf1dd4b52fa66163e231f5b7c98/MarkupSafe-1.1.1-cp38-cp38-manylinux2010_i686.whl", hash = "sha256:acf08ac40292838b3cbbb06cfe9b2cb9ec78fce8baca31ddb87aaac2e2dc3bc2"},
    {url = "https://test-files.pythonhosted.org/packages/b7/d5/9d36bdf18173408ce6b16bcc625e4019abf1dd4b52fa66163e231f5b7c98/MarkupSafe-1.1.1-cp38-cp38-manylinux2010_i686.whl", hash = "sha256:acf08ac40292838b3cbbb06cfe9b2cb9ec78fce8baca31ddb87aaac2e2dc3bc2"},
    {url = "https://files.pythonhosted.org/packages/80/16/98afa5c19296aaf7b16d1eb3c7e997656e6cfad79606e7d3885905615e96/MarkupSafe-1.1.1-cp38-cp38-manylinux2010_x86_64.whl", hash = "sha256:d9be0ba6c527163cbed5e0857c451fcd092ce83947944d6c14bc95441203f032"},
    {url = "https://test-files.pythonhosted.org/packages/80/16/98afa5c19296aaf7b16d1eb3c7e997656e6cfad79606e7d3885905615e96/MarkupSafe-1.1.1-cp38-cp38-manylinux2010_x86_64.whl", hash = "sha256:d9be0ba6c527163cbed5e0857c451fcd092ce83947944d6c14bc95441203f032"},
    {url = "https://files.pythonhosted.org/packages/83/66/ec77a7000486d4d6acb599993b58dc4c97d510e3f2c37b81d31fb7632c4f/MarkupSafe-1.1.1-cp38-cp38-manylinux2014_aarch64.whl", hash = "sha256:caabedc8323f1e93231b52fc32bdcde6db817623d33e100708d9a68e1f53b26b"},
    {url = "https://test-files.pythonhosted.org/packages/83/66/ec77a7000486d4d6acb599993b58dc4c97d510e3f2c37b81d31fb7632c4f/MarkupSafe-1.1.1-cp38-cp38-manylinux2014_aarch64.whl", hash = "sha256:caabedc8323f1e93231b52fc32bdcde6db817623d33e100708d9a68e1f53b26b"},
    {url = "https://files.pythonhosted.org/packages/93/b8/95b1c38f5b00ed2c0d16cf65f2b07a5ae73eeacf66d2010c0e934737d1d9/MarkupSafe-1.1.1-cp38-cp38-win32.whl", hash = "sha256:596510de112c685489095da617b5bcbbac7dd6384aeebeda4df6025d0256a81b"},
    {url = "https://test-files.pythonhosted.org/packages/4d/dd/08299ef9a326452624805d42e63bda968d81397f17e569c4be810fe70862/MarkupSafe-1.1.1-cp38-cp38-win32.whl", hash = "sha256:5881c17ae0378a26e2a8abde240387ca44ac778e0a8745b55522c4119d24dfff"},
    {url = "https://files.pythonhosted.org/packages/4f/8b/da8a2ae5780d38271ac6e691756fc938cf4df8f225eb8aaced0204304932/MarkupSafe-1.1.1-cp38-cp38-win_amd64.whl", hash = "sha256:e8313f01ba26fbbe36c7be1966a7b7424942f670f38e666995b88d012765b9be"},
    {url = "https://test-files.pythonhosted.org/packages/e1/ca/a100adffbb71794822863b7baf56244a432d8b19ef296f7cc86d2216a61c/MarkupSafe-1.1.1-cp38-cp38-win_amd64.whl", hash = "sha256:37fd53e8825dd3f3c6f6746afa8373b623a87fc0568513f1a5f071ce73ceedb0"},
    {url = "https://files.pythonhosted.org/packages/85/85/43579939ae1ec6a493c0e68528cd4e26a29fbd4109f5553d4966f6273801/MarkupSafe-1.1.1-cp39-cp39-macosx_10_9_x86_64.whl", hash = "sha256:d73a845f227b0bfe8a7455ee623525ee656a9e2e749e4742706d80a6065d5e2c"},
    {url = "https://test-files.pythonhosted.org/packages/85/85/43579939ae1ec6a493c0e68528cd4e26a29fbd4109f5553d4966f6273801/MarkupSafe-1.1.1-cp39-cp39-macosx_10_9_x86_64.whl", hash = "sha256:d73a845f227b0bfe8a7455ee623525ee656a9e2e749e4742706d80a6065d5e2c"},
    {url = "https://files.pythonhosted.org/packages/f0/03/85efaa82ea0c7655b99db9252347623626048b35c03b046fcfde1af43b61/MarkupSafe-1.1.1-cp39-cp39-manylinux1_i686.whl", hash = "sha256:98bae9582248d6cf62321dcb52aaf5d9adf0bad3b40582925ef7c7f0ed85fceb"},
    {url = "https://test-files.pythonhosted.org/packages/f0/03/85efaa82ea0c7655b99db9252347623626048b35c03b046fcfde1af43b61/MarkupSafe-1.1.1-cp39-cp39-manylinux1_i686.whl", hash = "sha256:98bae9582248d6cf62321dcb52aaf5d9adf0bad3b40582925ef7c7f0ed85fceb"},
    {url = "https://files.pythonhosted.org/packages/b9/bd/c5183b3416a14c221de4208a52665f7038cc8b159e8ad89bd9ccc23de08a/MarkupSafe-1.1.1-cp39-cp39-manylinux1_x86_64.whl", hash = "sha256:2beec1e0de6924ea551859edb9e7679da6e4870d32cb766240ce17e0a0ba2014"},
    {url = "https://test-files.pythonhosted.org/packages/b9/bd/c5183b3416a14c221de4208a52665f7038cc8b159e8ad89bd9ccc23de08a/MarkupSafe-1.1.1-cp39-cp39-manylinux1_x86_64.whl", hash = "sha256:2beec1e0de6924ea551859edb9e7679da6e4870d32cb766240ce17e0a0ba2014"},
    {url = "https://files.pythonhosted.org/packages/8c/9b/85abd4ff6f9b6d03ce504e6d84589e13d5fd6bc4d63647a57acf1b4abc03/MarkupSafe-1.1.1-cp39-cp39-manylinux2010_i686.whl", hash = "sha256:7fed13866cf14bba33e7176717346713881f56d9d2bcebab207f7a036f41b850"},
    {url = "https://test-files.pythonhosted.org/packages/8c/9b/85abd4ff6f9b6d03ce504e6d84589e13d5fd6bc4d63647a57acf1b4abc03/MarkupSafe-1.1.1-cp39-cp39-manylinux2010_i686.whl", hash = "sha256:7fed13866cf14bba33e7176717346713881f56d9d2bcebab207f7a036f41b850"},
    {url = "https://files.pythonhosted.org/packages/be/2e/ad118ca191e44dc6f87182310e5be51da71d4b81ac659e5f8d5f18251806/MarkupSafe-1.1.1-cp39-cp39-manylinux2010_x86_64.whl", hash = "sha256:6f1e273a344928347c1290119b493a1f0303c52f5a5eae5f16d74f48c15d4a85"},
    {url = "https://test-files.pythonhosted.org/packages/be/2e/ad118ca191e44dc6f87182310e5be51da71d4b81ac659e5f8d5f18251806/MarkupSafe-1.1.1-cp39-cp39-manylinux2010_x86_64.whl", hash = "sha256:6f1e273a344928347c1290119b493a1f0303c52f5a5eae5f16d74f48c15d4a85"},
    {url = "https://files.pythonhosted.org/packages/0d/98/0fd0f0baf8a59facb65cee37a26c775ee5a114f86e8b0cfe01dad1b8022a/MarkupSafe-1.1.1-cp39-cp39-manylinux2014_aarch64.whl", hash = "sha256:feb7b34d6325451ef96bc0e36e1a6c0c1c64bc1fbec4b854f4529e51887b1621"},
    {url = "https://test-files.pythonhosted.org/packages/0d/98/0fd0f0baf8a59facb65cee37a26c775ee5a114f86e8b0cfe01dad1b8022a/MarkupSafe-1.1.1-cp39-cp39-manylinux2014_aarch64.whl", hash = "sha256:feb7b34d6325451ef96bc0e36e1a6c0c1c64bc1fbec4b854f4529e51887b1621"},
    {url = "https://files.pythonhosted.org/packages/dc/d7/e3478fb2c3f2cc446ae4c6dedba1805f04b329bf30237cfe9f484f3d0a0e/MarkupSafe-1.1.1-cp39-cp39-win32.whl", hash = "sha256:22c178a091fc6630d0d045bdb5992d2dfe14e3259760e713c490da5323866c39"},
    {url = "https://test-files.pythonhosted.org/packages/dc/d7/e3478fb2c3f2cc446ae4c6dedba1805f04b329bf30237cfe9f484f3d0a0e/MarkupSafe-1.1.1-cp39-cp39-win32.whl", hash = "sha256:22c178a091fc6630d0d045bdb5992d2dfe14e3259760e713c490da5323866c39"},
    {url = "https://files.pythonhosted.org/packages/fb/39/de6ecf2652dc1b0fb374888a398f326d6c61f12e8004ed3dccb093e33e00/MarkupSafe-1.1.1-cp39-cp39-win_amd64.whl", hash = "sha256:b7d644ddb4dbd407d31ffb699f1d140bc35478da613b441c582aeb7c43838dd8"},
    {url = "https://test-files.pythonhosted.org/packages/fb/39/de6ecf2652dc1b0fb374888a398f326d6c61f12e8004ed3dccb093e33e00/MarkupSafe-1.1.1-cp39-cp39-win_amd64.whl", hash = "sha256:b7d644ddb4dbd407d31ffb699f1d140bc35478da613b441c582aeb7c43838dd8"},
    {url = "https://test-files.pythonhosted.org/packages/ae/9c/1aabcf6a38375598b5c1b42b6424cc83e3967e0177a6910eb18ca15e4af5/MarkupSafe-1.1.1-pp36-pypy36_pp73-macosx_10_9_x86_64.whl", hash = "sha256:3db7af9025f66e08c781093dbdb7b54e52b5506006e141dcbe5b740e578b5504"},
    {url = "https://test-files.pythonhosted.org/packages/db/8c/3e17c9b8fb5f16bf9708e344fb553cd78c15d96e46e7649a80d8b835bfa9/MarkupSafe-1.1.1-pp36-pypy36_pp73-manylinux1_x86_64.whl", hash = "sha256:0db2ff381c2218c1ba7192f75e5c5cf180efa023ddfc6914ffe9a38b2bd303dd"},
    {url = "https://test-files.pythonhosted.org/packages/f7/f8/3e52ab5bc67f6ffa8821b5c0f9c9f36a22b8ab12c4e4d5cec5604c0b50f3/MarkupSafe-1.1.1-pp36-pypy36_pp73-manylinux2010_x86_64.whl", hash = "sha256:5079d5041ace388bb57a5ebe38ae585fb18bc681a669030d76f99b510b33d53e"},
    {url = "https://test-files.pythonhosted.org/packages/e7/05/bfbd1e20945ebe9f3b587457556e8e4f4e647df3db39145c65bfa9f9a959/MarkupSafe-1.1.1-pp36-pypy36_pp73-win32.whl", hash = "sha256:8b7fb692d27d6e17ca0fbcbc0edd7b32790e7c070624211499db5a758e89e38d"},
    {url = "https://test-files.pythonhosted.org/packages/56/ef/b7606fed3f48516f8a993006b98ea19f7427f996c37ac78a6594dcdda5d6/MarkupSafe-1.1.1-pp37-pypy37_pp73-macosx_10_9_x86_64.whl", hash = "sha256:c6ccfab7baaf835fa90cb7ef3e9e7c240e84394420a5d33ba707f05318522fd6"},
    {url = "https://test-files.pythonhosted.org/packages/90/09/a60c58da4cb7bef1b7965fa53f66d7ee7990c0a7d2fc6c24cac73ee9e256/MarkupSafe-1.1.1-pp37-pypy37_pp73-manylinux1_x86_64.whl", hash = "sha256:5eba30ae5ad72351903ba340a6b4e427353de04542f36fc177ebaffafb8ae5e7"},
    {url = "https://test-files.pythonhosted.org/packages/5f/7d/ec459fd555413fe9831433a5d02b0add91887035a1f5c051cb27a71c7902/MarkupSafe-1.1.1-pp37-pypy37_pp73-manylinux2010_x86_64.whl", hash = "sha256:c6fc95b4f707efd506f3f7789140db9cec1b731999e7f033371bb6a5006a1ef8"},
    {url = "https://test-files.pythonhosted.org/packages/6f/37/57afc38156cf8ead9f166f58f699c1e3c06499f889a364d2359eea793e53/MarkupSafe-1.1.1-pp37-pypy37_pp73-win32.whl", hash = "sha256:de603df0d005177f7ef7faa56578d2d47fc93aaef165cdef91d64959176edb15"},
    {url = "https://files.pythonhosted.org/packages/b9/2e/64db92e53b86efccfaea71321f597fa2e1b2bd3853d8ce658568f7a13094/MarkupSafe-1.1.1.tar.gz", hash = "sha256:29872e92839765e546828bb7754a68c418d927cd064fd4708fab9fe9c8bb116b"},
    {url = "https://test-files.pythonhosted.org/packages/47/9f/a8043404a16d5bc6cea9f3c180237d3a0c796fdce9d4fee4aba40aeb9bbf/MarkupSafe-1.1.1.tar.gz", hash = "sha256:30323461f382a59bcb940be0adc5e0d6be5dfc6bd1c2c5cbe2d13b96414e1619"},
]
"werkzeug 1.0.1" = [
    {url = "https://files.pythonhosted.org/packages/cc/94/5f7079a0e00bd6863ef8f1da638721e9da21e5bacee597595b318f71d62e/Werkzeug-1.0.1-py2.py3-none-any.whl", hash = "sha256:2de2a5db0baeae7b2d2664949077c2ac63fbd16d98da0ff71837f7d1dea3fd43"},
    {url = "https://test-files.pythonhosted.org/packages/cc/94/5f7079a0e00bd6863ef8f1da638721e9da21e5bacee597595b318f71d62e/Werkzeug-1.0.1-py2.py3-none-any.whl", hash = "sha256:2de2a5db0baeae7b2d2664949077c2ac63fbd16d98da0ff71837f7d1dea3fd43"},
    {url = "https://files.pythonhosted.org/packages/10/27/a33329150147594eff0ea4c33c2036c0eadd933141055be0ff911f7f8d04/Werkzeug-1.0.1.tar.gz", hash = "sha256:6c80b1e5ad3665290ea39320b91e1be1e0d5f60652b964a3070216de83d2e47c"},
    {url = "https://test-files.pythonhosted.org/packages/10/27/a33329150147594eff0ea4c33c2036c0eadd933141055be0ff911f7f8d04/Werkzeug-1.0.1.tar.gz", hash = "sha256:6c80b1e5ad3665290ea39320b91e1be1e0d5f60652b964a3070216de83d2e47c"},
]
